
Microsoft Visual Studio Solution File, Format Version 12.00
# Visual Studio Version 17
VisualStudioVersion = 17.12.35707.178
MinimumVisualStudioVersion = 10.0.40219.1
Project("{FAE04EC0-301F-11D3-BF4B-00C04F79EFBC}") = "YaTrackerParser", "YaTrackerParser.csproj", "{BCF13D6D-6FA1-47DC-905A-6F4FAA7B37F4}"
EndProject
Project("{FAE04EC0-301F-11D3-BF4B-00C04F79EFBC}") = "YaTrackerParser.Contracts", "YaTrackerParser.Contracts\YaTrackerParser.Contracts.csproj", "{4746106A-8D1A-4CE7-B39D-8200ED94A3D1}"
EndProject
Project("{FAE04EC0-301F-11D3-BF4B-00C04F79EFBC}") = "YaTrackerParser.Data", "YaTrackerParser.Data\YaTrackerParser.Data.csproj", "{B33362EE-A4E3-48A2-B473-66150F5C88FA}"
EndProject
Project("{FAE04EC0-301F-11D3-BF4B-00C04F79EFBC}") = "YaTrackerParser.Tests", "YaTrackerParser.Tests\YaTrackerParser.Tests.csproj", "{717FBA5E-3033-49E6-9E86-9D810B4870DF}"
EndProject
Project("{FAE04EC0-301F-11D3-BF4B-00C04F79EFBC}") = "YaTrackerParser.Infrastructure", "YaTrackerParser.Infrastructure\YaTrackerParser.Infrastructure.csproj", "{8FD22F69-591F-4E05-91C9-6C3BBA5312AA}"
EndProject
Global
	GlobalSection(SolutionConfigurationPlatforms) = preSolution
		Debug|Any CPU = Debug|Any CPU
		Release|Any CPU = Release|Any CPU
	EndGlobalSection
	GlobalSection(ProjectConfigurationPlatforms) = postSolution
		{BCF13D6D-6FA1-47DC-905A-6F4FAA7B37F4}.Debug|Any CPU.ActiveCfg = Debug|Any CPU
		{BCF13D6D-6FA1-47DC-905A-6F4FAA7B37F4}.Debug|Any CPU.Build.0 = Debug|Any CPU
		{BCF13D6D-6FA1-47DC-905A-6F4FAA7B37F4}.Release|Any CPU.ActiveCfg = Release|Any CPU
		{BCF13D6D-6FA1-47DC-905A-6F4FAA7B37F4}.Release|Any CPU.Build.0 = Release|Any CPU
		{4746106A-8D1A-4CE7-B39D-8200ED94A3D1}.Debug|Any CPU.ActiveCfg = Debug|Any CPU
		{4746106A-8D1A-4CE7-B39D-8200ED94A3D1}.Debug|Any CPU.Build.0 = Debug|Any CPU
		{4746106A-8D1A-4CE7-B39D-8200ED94A3D1}.Release|Any CPU.ActiveCfg = Release|Any CPU
		{4746106A-8D1A-4CE7-B39D-8200ED94A3D1}.Release|Any CPU.Build.0 = Release|Any CPU
		{B33362EE-A4E3-48A2-B473-66150F5C88FA}.Debug|Any CPU.ActiveCfg = Debug|Any CPU
		{B33362EE-A4E3-48A2-B473-66150F5C88FA}.Debug|Any CPU.Build.0 = Debug|Any CPU
		{B33362EE-A4E3-48A2-B473-66150F5C88FA}.Release|Any CPU.ActiveCfg = Release|Any CPU
		{B33362EE-A4E3-48A2-B473-66150F5C88FA}.Release|Any CPU.Build.0 = Release|Any CPU
		{717FBA5E-3033-49E6-9E86-9D810B4870DF}.Debug|Any CPU.ActiveCfg = Debug|Any CPU
		{717FBA5E-3033-49E6-9E86-9D810B4870DF}.Debug|Any CPU.Build.0 = Debug|Any CPU
		{717FBA5E-3033-49E6-9E86-9D810B4870DF}.Release|Any CPU.ActiveCfg = Release|Any CPU
		{717FBA5E-3033-49E6-9E86-9D810B4870DF}.Release|Any CPU.Build.0 = Release|Any CPU
		{8FD22F69-591F-4E05-91C9-6C3BBA5312AA}.Debug|Any CPU.ActiveCfg = Debug|Any CPU
		{8FD22F69-591F-4E05-91C9-6C3BBA5312AA}.Debug|Any CPU.Build.0 = Debug|Any CPU
		{8FD22F69-591F-4E05-91C9-6C3BBA5312AA}.Release|Any CPU.ActiveCfg = Release|Any CPU
		{8FD22F69-591F-4E05-91C9-6C3BBA5312AA}.Release|Any CPU.Build.0 = Release|Any CPU
	EndGlobalSection
	GlobalSection(SolutionProperties) = preSolution
		HideSolutionNode = FALSE
	EndGlobalSection
EndGlobal
